
Microsoft Visual Studio Solution File, Format Version 12.00
# Visual Studio 15
VisualStudioVersion = 15.0.26430.16
MinimumVisualStudioVersion = 10.0.40219.1
Project("{FAE04EC0-301F-11D3-BF4B-00C04F79EFBC}") = "TorrentSharp", "TorrentSharp\TorrentSharp.csproj", "{D82FC096-2EC3-476E-9115-96AEBFD02FAD}"
EndProject
Project("{FAE04EC0-301F-11D3-BF4B-00C04F79EFBC}") = "TorrentSharp.Example", "TorrentSharp.Example\TorrentSharp.Example.csproj", "{DE405731-C910-4700-AF6D-F5F64FAB8E2C}"
EndProject
Global
	GlobalSection(SolutionConfigurationPlatforms) = preSolution
		Debug|Any CPU = Debug|Any CPU
		Release|Any CPU = Release|Any CPU
	EndGlobalSection
	GlobalSection(ProjectConfigurationPlatforms) = postSolution
		{D82FC096-2EC3-476E-9115-96AEBFD02FAD}.Debug|Any CPU.ActiveCfg = Debug|Any CPU
		{D82FC096-2EC3-476E-9115-96AEBFD02FAD}.Debug|Any CPU.Build.0 = Debug|Any CPU
		{D82FC096-2EC3-476E-9115-96AEBFD02FAD}.Release|Any CPU.ActiveCfg = Release|Any CPU
		{D82FC096-2EC3-476E-9115-96AEBFD02FAD}.Release|Any CPU.Build.0 = Release|Any CPU
		{DE405731-C910-4700-AF6D-F5F64FAB8E2C}.Debug|Any CPU.ActiveCfg = Debug|Any CPU
		{DE405731-C910-4700-AF6D-F5F64FAB8E2C}.Debug|Any CPU.Build.0 = Debug|Any CPU
		{DE405731-C910-4700-AF6D-F5F64FAB8E2C}.Release|Any CPU.ActiveCfg = Release|Any CPU
		{DE405731-C910-4700-AF6D-F5F64FAB8E2C}.Release|Any CPU.Build.0 = Release|Any CPU
	EndGlobalSection
	GlobalSection(SolutionProperties) = preSolution
		HideSolutionNode = FALSE
	EndGlobalSection
EndGlobal
